
Microsoft Visual Studio Solution File, Format Version 12.00
# Visual Studio Version 16
VisualStudioVersion = 16.0.34114.132
MinimumVisualStudioVersion = 10.0.40219.1
Project("{FAE04EC0-301F-11D3-BF4B-00C04F79EFBC}") = "Aplicación orla de clase", "Aplicación orla de clase\Aplicación orla de clase.csproj", "{06A518CD-16F3-49C8-B967-F0668ACF06FC}"
EndProject
Global
	GlobalSection(SolutionConfigurationPlatforms) = preSolution
		Debug|Any CPU = Debug|Any CPU
		Release|Any CPU = Release|Any CPU
	EndGlobalSection
	GlobalSection(ProjectConfigurationPlatforms) = postSolution
		{06A518CD-16F3-49C8-B967-F0668ACF06FC}.Debug|Any CPU.ActiveCfg = Debug|Any CPU
		{06A518CD-16F3-49C8-B967-F0668ACF06FC}.Debug|Any CPU.Build.0 = Debug|Any CPU
		{06A518CD-16F3-49C8-B967-F0668ACF06FC}.Release|Any CPU.ActiveCfg = Release|Any CPU
		{06A518CD-16F3-49C8-B967-F0668ACF06FC}.Release|Any CPU.Build.0 = Release|Any CPU
	EndGlobalSection
	GlobalSection(SolutionProperties) = preSolution
		HideSolutionNode = FALSE
	EndGlobalSection
	GlobalSection(ExtensibilityGlobals) = postSolution
		SolutionGuid = {8F56757A-983C-416B-9FB1-EA3278B72E0A}
	EndGlobalSection
EndGlobal
